// !$*UTF8*$!
{
	archiveVersion = 1;
	classes = {
	};
	objectVersion = 56;
	objects = {

/* Begin PBXBuildFile section */
		925509262B36E783002D94B0 /* main.swift in Sources */ = {isa = PBXBuildFile; fileRef = 925509252B36E783002D94B0 /* main.swift */; };
		9255092D2B36F35E002D94B0 /* 첫번째 나들이.swift in Sources */ = {isa = PBXBuildFile; fileRef = 9255092C2B36F35E002D94B0 /* 첫번째 나들이.swift */; };
		925509332B36F735002D94B0 /* 배열.swift in Sources */ = {isa = PBXBuildFile; fileRef = 925509322B36F735002D94B0 /* 배열.swift */; };
		925509352B36F750002D94B0 /* 배열(실버).swift in Sources */ = {isa = PBXBuildFile; fileRef = 925509342B36F750002D94B0 /* 배열(실버).swift */; };
		92E1AB522B3EF75A00FCBF75 /* 재귀(골드).swift in Sources */ = {isa = PBXBuildFile; fileRef = 92E1AB512B3EF75A00FCBF75 /* 재귀(골드).swift */; };
/* End PBXBuildFile section */

/* Begin PBXCopyFilesBuildPhase section */
		925509202B36E783002D94B0 /* CopyFiles */ = {
			isa = PBXCopyFilesBuildPhase;
			buildActionMask = 2147483647;
			dstPath = /usr/share/man/man1/;
			dstSubfolderSpec = 0;
			files = (
			);
			runOnlyForDeploymentPostprocessing = 1;
		};
/* End PBXCopyFilesBuildPhase section */

/* Begin PBXFileReference section */
		925509222B36E783002D94B0 /* BaekJoon */ = {isa = PBXFileReference; explicitFileType = "compiled.mach-o.executable"; includeInIndex = 0; path = BaekJoon; sourceTree = BUILT_PRODUCTS_DIR; };
		925509252B36E783002D94B0 /* main.swift */ = {isa = PBXFileReference; lastKnownFileType = sourcecode.swift; path = main.swift; sourceTree = "<group>"; };
		9255092C2B36F35E002D94B0 /* 첫번째 나들이.swift */ = {isa = PBXFileReference; lastKnownFileType = sourcecode.swift; path = "첫번째 나들이.swift"; sourceTree = "<group>"; };
		925509322B36F735002D94B0 /* 배열.swift */ = {isa = PBXFileReference; lastKnownFileType = sourcecode.swift; path = "배열.swift"; sourceTree = "<group>"; };
		925509342B36F750002D94B0 /* 배열(실버).swift */ = {isa = PBXFileReference; lastKnownFileType = sourcecode.swift; path = "배열(실버).swift"; sourceTree = "<group>"; };
		92E1AB512B3EF75A00FCBF75 /* 재귀(골드).swift */ = {isa = PBXFileReference; lastKnownFileType = sourcecode.swift; path = "재귀(골드).swift"; sourceTree = "<group>"; };
/* End PBXFileReference section */

/* Begin PBXFrameworksBuildPhase section */
		9255091F2B36E783002D94B0 /* Frameworks */ = {
			isa = PBXFrameworksBuildPhase;
			buildActionMask = 2147483647;
			files = (
			);
			runOnlyForDeploymentPostprocessing = 0;
		};
/* End PBXFrameworksBuildPhase section */

/* Begin PBXGroup section */
		925509192B36E783002D94B0 = {
			isa = PBXGroup;
			children = (
				925509242B36E783002D94B0 /* BaekJoon */,
				925509232B36E783002D94B0 /* Products */,
			);
			sourceTree = "<group>";
		};
		925509232B36E783002D94B0 /* Products */ = {
			isa = PBXGroup;
			children = (
				925509222B36E783002D94B0 /* BaekJoon */,
			);
			name = Products;
			sourceTree = "<group>";
		};
		925509242B36E783002D94B0 /* BaekJoon */ = {
			isa = PBXGroup;
			children = (
				925509312B36F5BB002D94B0 /* 골드 */,
				925509302B36F5B3002D94B0 /* 실버 */,
				9255092F2B36F5A7002D94B0 /* 브론즈 */,
				9255092E2B36F36C002D94B0 /* 대회 */,
				925509252B36E783002D94B0 /* main.swift */,
			);
			path = BaekJoon;
			sourceTree = "<group>";
		};
		9255092E2B36F36C002D94B0 /* 대회 */ = {
			isa = PBXGroup;
			children = (
				9255092C2B36F35E002D94B0 /* 첫번째 나들이.swift */,
			);
			name = "대회";
			path = "대회";
			sourceTree = "<group>";
		};
		9255092F2B36F5A7002D94B0 /* 브론즈 */ = {
			isa = PBXGroup;
			children = (
				925509322B36F735002D94B0 /* 배열.swift */,
			);
			name = "브론즈";
			path = "브론즈";
			sourceTree = "<group>";
		};
		925509302B36F5B3002D94B0 /* 실버 */ = {
			isa = PBXGroup;
			children = (
				925509342B36F750002D94B0 /* 배열(실버).swift */,
			);
			name = "실버";
			path = "실버";
			sourceTree = "<group>";
		};
		925509312B36F5BB002D94B0 /* 골드 */ = {
			isa = PBXGroup;
			children = (
				92E1AB512B3EF75A00FCBF75 /* 재귀(골드).swift */,
			);
			name = "골드";
			path = "골드";
			sourceTree = "<group>";
		};
/* End PBXGroup section */

/* Begin PBXNativeTarget section */
		925509212B36E783002D94B0 /* BaekJoon */ = {
			isa = PBXNativeTarget;
			buildConfigurationList = 925509292B36E783002D94B0 /* Build configuration list for PBXNativeTarget "BaekJoon" */;
			buildPhases = (
				9255091E2B36E783002D94B0 /* Sources */,
				9255091F2B36E783002D94B0 /* Frameworks */,
				925509202B36E783002D94B0 /* CopyFiles */,
			);
			buildRules = (
			);
			dependencies = (
			);
			name = BaekJoon;
			productName = BaekJoon;
			productReference = 925509222B36E783002D94B0 /* BaekJoon */;
			productType = "com.apple.product-type.tool";
		};
/* End PBXNativeTarget section */

/* Begin PBXProject section */
		9255091A2B36E783002D94B0 /* Project object */ = {
			isa = PBXProject;
			attributes = {
				BuildIndependentTargetsInParallel = 1;
				LastSwiftUpdateCheck = 1500;
				LastUpgradeCheck = 1500;
				TargetAttributes = {
					925509212B36E783002D94B0 = {
						CreatedOnToolsVersion = 15.0;
					};
				};
			};
			buildConfigurationList = 9255091D2B36E783002D94B0 /* Build configuration list for PBXProject "BaekJoon" */;
			compatibilityVersion = "Xcode 14.0";
			developmentRegion = en;
			hasScannedForEncodings = 0;
			knownRegions = (
				en,
				Base,
			);
			mainGroup = 925509192B36E783002D94B0;
			productRefGroup = 925509232B36E783002D94B0 /* Products */;
			projectDirPath = "";
			projectRoot = "";
			targets = (
				925509212B36E783002D94B0 /* BaekJoon */,
			);
		};
/* End PBXProject section */

/* Begin PBXSourcesBuildPhase section */
		9255091E2B36E783002D94B0 /* Sources */ = {
			isa = PBXSourcesBuildPhase;
			buildActionMask = 2147483647;
			files = (
				9255092D2B36F35E002D94B0 /* 첫번째 나들이.swift in Sources */,
				925509352B36F750002D94B0 /* 배열(실버).swift in Sources */,
				925509332B36F735002D94B0 /* 배열.swift in Sources */,
				92E1AB522B3EF75A00FCBF75 /* 재귀(골드).swift in Sources */,
				925509262B36E783002D94B0 /* main.swift in Sources */,
			);
			runOnlyForDeploymentPostprocessing = 0;
		};
/* End PBXSourcesBuildPhase section */

/* Begin XCBuildConfiguration section */
		925509272B36E783002D94B0 /* Debug */ = {
			isa = XCBuildConfiguration;
			buildSettings = {
				ALWAYS_SEARCH_USER_PATHS = NO;
				ASSETCATALOG_COMPILER_GENERATE_SWIFT_ASSET_SYMBOL_EXTENSIONS = YES;
				CLANG_ANALYZER_NONNULL = YES;
				CLANG_ANALYZER_NUMBER_OBJECT_CONVERSION = YES_AGGRESSIVE;
				CLANG_CXX_LANGUAGE_STANDARD = "gnu++20";
				CLANG_ENABLE_MODULES = YES;
				CLANG_ENABLE_OBJC_ARC = YES;
				CLANG_ENABLE_OBJC_WEAK = YES;
				CLANG_WARN_BLOCK_CAPTURE_AUTORELEASING = YES;
				CLANG_WARN_BOOL_CONVERSION = YES;
				CLANG_WARN_COMMA = YES;
				CLANG_WARN_CONSTANT_CONVERSION = YES;
				CLANG_WARN_DEPRECATED_OBJC_IMPLEMENTATIONS = YES;
				CLANG_WARN_DIRECT_OBJC_ISA_USAGE = YES_ERROR;
				CLANG_WARN_DOCUMENTATION_COMMENTS = YES;
				CLANG_WARN_EMPTY_BODY = YES;
				CLANG_WARN_ENUM_CONVERSION = YES;
				CLANG_WARN_INFINITE_RECURSION = YES;
				CLANG_WARN_INT_CONVERSION = YES;
				CLANG_WARN_NON_LITERAL_NULL_CONVERSION = YES;
				CLANG_WARN_OBJC_IMPLICIT_RETAIN_SELF = YES;
				CLANG_WARN_OBJC_LITERAL_CONVERSION = YES;
				CLANG_WARN_OBJC_ROOT_CLASS = YES_ERROR;
				CLANG_WARN_QUOTED_INCLUDE_IN_FRAMEWORK_HEADER = YES;
				CLANG_WARN_RANGE_LOOP_ANALYSIS = YES;
				CLANG_WARN_STRICT_PROTOTYPES = YES;
				CLANG_WARN_SUSPICIOUS_MOVE = YES;
				CLANG_WARN_UNGUARDED_AVAILABILITY = YES_AGGRESSIVE;
				CLANG_WARN_UNREACHABLE_CODE = YES;
				CLANG_WARN__DUPLICATE_METHOD_MATCH = YES;
				COPY_PHASE_STRIP = NO;
				DEBUG_INFORMATION_FORMAT = dwarf;
				ENABLE_STRICT_OBJC_MSGSEND = YES;
				ENABLE_TESTABILITY = YES;
				ENABLE_USER_SCRIPT_SANDBOXING = YES;
				GCC_C_LANGUAGE_STANDARD = gnu17;
				GCC_DYNAMIC_NO_PIC = NO;
				GCC_NO_COMMON_BLOCKS = YES;
				GCC_OPTIMIZATION_LEVEL = 0;
				GCC_PREPROCESSOR_DEFINITIONS = (
					"DEBUG=1",
					"$(inherited)",
				);
				GCC_WARN_64_TO_32_BIT_CONVERSION = YES;
				GCC_WARN_ABOUT_RETURN_TYPE = YES_ERROR;
				GCC_WARN_UNDECLARED_SELECTOR = YES;
				GCC_WARN_UNINITIALIZED_AUTOS = YES_AGGRESSIVE;
				GCC_WARN_UNUSED_FUNCTION = YES;
				GCC_WARN_UNUSED_VARIABLE = YES;
				LOCALIZATION_PREFERS_STRING_CATALOGS = YES;
				MACOSX_DEPLOYMENT_TARGET = 14.0;
				MTL_ENABLE_DEBUG_INFO = INCLUDE_SOURCE;
				MTL_FAST_MATH = YES;
				ONLY_ACTIVE_ARCH = YES;
				SDKROOT = macosx;
				SWIFT_ACTIVE_COMPILATION_CONDITIONS = "DEBUG $(inherited)";
				SWIFT_OPTIMIZATION_LEVEL = "-Onone";
			};
			name = Debug;
		};
		925509282B36E783002D94B0 /* Release */ = {
			isa = XCBuildConfiguration;
			buildSettings = {
				ALWAYS_SEARCH_USER_PATHS = NO;
				ASSETCATALOG_COMPILER_GENERATE_SWIFT_ASSET_SYMBOL_EXTENSIONS = YES;
				CLANG_ANALYZER_NONNULL = YES;
				CLANG_ANALYZER_NUMBER_OBJECT_CONVERSION = YES_AGGRESSIVE;
				CLANG_CXX_LANGUAGE_STANDARD = "gnu++20";
				CLANG_ENABLE_MODULES = YES;
				CLANG_ENABLE_OBJC_ARC = YES;
				CLANG_ENABLE_OBJC_WEAK = YES;
				CLANG_WARN_BLOCK_CAPTURE_AUTORELEASING = YES;
				CLANG_WARN_BOOL_CONVERSION = YES;
				CLANG_WARN_COMMA = YES;
				CLANG_WARN_CONSTANT_CONVERSION = YES;
				CLANG_WARN_DEPRECATED_OBJC_IMPLEMENTATIONS = YES;
				CLANG_WARN_DIRECT_OBJC_ISA_USAGE = YES_ERROR;
				CLANG_WARN_DOCUMENTATION_COMMENTS = YES;
				CLANG_WARN_EMPTY_BODY = YES;
				CLANG_WARN_ENUM_CONVERSION = YES;
				CLANG_WARN_INFINITE_RECURSION = YES;
				CLANG_WARN_INT_CONVERSION = YES;
				CLANG_WARN_NON_LITERAL_NULL_CONVERSION = YES;
				CLANG_WARN_OBJC_IMPLICIT_RETAIN_SELF = YES;
				CLANG_WARN_OBJC_LITERAL_CONVERSION = YES;
				CLANG_WARN_OBJC_ROOT_CLASS = YES_ERROR;
				CLANG_WARN_QUOTED_INCLUDE_IN_FRAMEWORK_HEADER = YES;
				CLANG_WARN_RANGE_LOOP_ANALYSIS = YES;
				CLANG_WARN_STRICT_PROTOTYPES = YES;
				CLANG_WARN_SUSPICIOUS_MOVE = YES;
				CLANG_WARN_UNGUARDED_AVAILABILITY = YES_AGGRESSIVE;
				CLANG_WARN_UNREACHABLE_CODE = YES;
				CLANG_WARN__DUPLICATE_METHOD_MATCH = YES;
				COPY_PHASE_STRIP = NO;
				DEBUG_INFORMATION_FORMAT = "dwarf-with-dsym";
				ENABLE_NS_ASSERTIONS = NO;
				ENABLE_STRICT_OBJC_MSGSEND = YES;
				ENABLE_USER_SCRIPT_SANDBOXING = YES;
				GCC_C_LANGUAGE_STANDARD = gnu17;
				GCC_NO_COMMON_BLOCKS = YES;
				GCC_WARN_64_TO_32_BIT_CONVERSION = YES;
				GCC_WARN_ABOUT_RETURN_TYPE = YES_ERROR;
				GCC_WARN_UNDECLARED_SELECTOR = YES;
				GCC_WARN_UNINITIALIZED_AUTOS = YES_AGGRESSIVE;
				GCC_WARN_UNUSED_FUNCTION = YES;
				GCC_WARN_UNUSED_VARIABLE = YES;
				LOCALIZATION_PREFERS_STRING_CATALOGS = YES;
				MACOSX_DEPLOYMENT_TARGET = 14.0;
				MTL_ENABLE_DEBUG_INFO = NO;
				MTL_FAST_MATH = YES;
				SDKROOT = macosx;
				SWIFT_COMPILATION_MODE = wholemodule;
			};
			name = Release;
		};
		9255092A2B36E783002D94B0 /* Debug */ = {
			isa = XCBuildConfiguration;
			buildSettings = {
				CODE_SIGN_STYLE = Automatic;
				PRODUCT_NAME = "$(TARGET_NAME)";
				SWIFT_VERSION = 5.0;
			};
			name = Debug;
		};
		9255092B2B36E783002D94B0 /* Release */ = {
			isa = XCBuildConfiguration;
			buildSettings = {
				CODE_SIGN_STYLE = Automatic;
				PRODUCT_NAME = "$(TARGET_NAME)";
				SWIFT_VERSION = 5.0;
			};
			name = Release;
		};
/* End XCBuildConfiguration section */

/* Begin XCConfigurationList section */
		9255091D2B36E783002D94B0 /* Build configuration list for PBXProject "BaekJoon" */ = {
			isa = XCConfigurationList;
			buildConfigurations = (
				925509272B36E783002D94B0 /* Debug */,
				925509282B36E783002D94B0 /* Release */,
			);
			defaultConfigurationIsVisible = 0;
			defaultConfigurationName = Release;
		};
		925509292B36E783002D94B0 /* Build configuration list for PBXNativeTarget "BaekJoon" */ = {
			isa = XCConfigurationList;
			buildConfigurations = (
				9255092A2B36E783002D94B0 /* Debug */,
				9255092B2B36E783002D94B0 /* Release */,
			);
			defaultConfigurationIsVisible = 0;
			defaultConfigurationName = Release;
		};
/* End XCConfigurationList section */
	};
	rootObject = 9255091A2B36E783002D94B0 /* Project object */;
}
